# THIS IS AN AUTOGENERATED FILE. DO NOT EDIT THIS FILE DIRECTLY.
# yarn lockfile v1


vuetify@^4.0.5:
  version "4.0.5"
  resolved "https://registry.yarnpkg.com/vuetify/-/vuetify-4.0.5.tgz#bcaf674d2d5c9ebb6cf0517b733bbb4922e94cb3"
  integrity sha512-pFysKOHuY3dROTVh9PdlhVz50ZR0E5/goY5ecTXc8F8tajUA2ee3xZ8Lqs1WtEw/X3w93wx/LogyjgaQCAL/Ig==
